
Microsoft Visual Studio Solution File, Format Version 12.00
# Visual Studio Version 17
VisualStudioVersion = 17.3.32922.545
MinimumVisualStudioVersion = 10.0.40219.1
Project("{FAE04EC0-301F-11D3-BF4B-00C04F79EFBC}") = "demoweb", "demoweb\demoweb.csproj", "{A56E27FC-019A-41A5-BCAE-8418E6634A88}"
EndProject
Global
	GlobalSection(SolutionConfigurationPlatforms) = preSolution
		Debug|Any CPU = Debug|Any CPU
		Release|Any CPU = Release|Any CPU
	EndGlobalSection
	GlobalSection(ProjectConfigurationPlatforms) = postSolution
		{A56E27FC-019A-41A5-BCAE-8418E6634A88}.Debug|Any CPU.ActiveCfg = Debug|Any CPU
		{A56E27FC-019A-41A5-BCAE-8418E6634A88}.Debug|Any CPU.Build.0 = Debug|Any CPU
		{A56E27FC-019A-41A5-BCAE-8418E6634A88}.Release|Any CPU.ActiveCfg = Release|Any CPU
		{A56E27FC-019A-41A5-BCAE-8418E6634A88}.Release|Any CPU.Build.0 = Release|Any CPU
	EndGlobalSection
	GlobalSection(SolutionProperties) = preSolution
		HideSolutionNode = FALSE
	EndGlobalSection
	GlobalSection(ExtensibilityGlobals) = postSolution
		SolutionGuid = {0309107F-D628-456D-B832-000900E4BE2B}
	EndGlobalSection
EndGlobal
